
Microsoft Visual Studio Solution File, Format Version 12.00
# Visual Studio Version 17
VisualStudioVersion = 17.0.31903.59
MinimumVisualStudioVersion = 10.0.40219.1
Project("{2150E333-8FDC-42A3-9474-1A3956D46DE8}") = "src", "src", "{827E0CD3-B72D-47B6-A68D-7590B98EB39B}"
EndProject
Project("{FAE04EC0-301F-11D3-BF4B-00C04F79EFBC}") = "HelloTeam.Api", "src\HelloTeam.Api\HelloTeam.Api.csproj", "{125341CA-7957-46EC-8623-00362855321C}"
EndProject
Project("{FAE04EC0-301F-11D3-BF4B-00C04F79EFBC}") = "HelloTeam.Web", "src\HelloTeam.Web\HelloTeam.Web.csproj", "{7E132EB0-7481-4310-9A59-18B686B03DB1}"
EndProject
Project("{2150E333-8FDC-42A3-9474-1A3956D46DE8}") = "tests", "tests", "{0AB3BF05-4346-4AA6-1389-037BE0695223}"
EndProject
Project("{FAE04EC0-301F-11D3-BF4B-00C04F79EFBC}") = "HelloTeam.Api.Tests", "tests\HelloTeam.Api.Tests\HelloTeam.Api.Tests.csproj", "{AF4883E6-28BC-42D2-8ECA-B34055845F51}"
EndProject
Global
	GlobalSection(SolutionConfigurationPlatforms) = preSolution
		Debug|Any CPU = Debug|Any CPU
		Debug|x64 = Debug|x64
		Debug|x86 = Debug|x86
		Release|Any CPU = Release|Any CPU
		Release|x64 = Release|x64
		Release|x86 = Release|x86
	EndGlobalSection
	GlobalSection(ProjectConfigurationPlatforms) = postSolution
		{125341CA-7957-46EC-8623-00362855321C}.Debug|Any CPU.ActiveCfg = Debug|Any CPU
		{125341CA-7957-46EC-8623-00362855321C}.Debug|Any CPU.Build.0 = Debug|Any CPU
		{125341CA-7957-46EC-8623-00362855321C}.Debug|x64.ActiveCfg = Debug|Any CPU
		{125341CA-7957-46EC-8623-00362855321C}.Debug|x64.Build.0 = Debug|Any CPU
		{125341CA-7957-46EC-8623-00362855321C}.Debug|x86.ActiveCfg = Debug|Any CPU
		{125341CA-7957-46EC-8623-00362855321C}.Debug|x86.Build.0 = Debug|Any CPU
		{125341CA-7957-46EC-8623-00362855321C}.Release|Any CPU.ActiveCfg = Release|Any CPU
		{125341CA-7957-46EC-8623-00362855321C}.Release|Any CPU.Build.0 = Release|Any CPU
		{125341CA-7957-46EC-8623-00362855321C}.Release|x64.ActiveCfg = Release|Any CPU
		{125341CA-7957-46EC-8623-00362855321C}.Release|x64.Build.0 = Release|Any CPU
		{125341CA-7957-46EC-8623-00362855321C}.Release|x86.ActiveCfg = Release|Any CPU
		{125341CA-7957-46EC-8623-00362855321C}.Release|x86.Build.0 = Release|Any CPU
		{7E132EB0-7481-4310-9A59-18B686B03DB1}.Debug|Any CPU.ActiveCfg = Debug|Any CPU
		{7E132EB0-7481-4310-9A59-18B686B03DB1}.Debug|Any CPU.Build.0 = Debug|Any CPU
		{7E132EB0-7481-4310-9A59-18B686B03DB1}.Debug|x64.ActiveCfg = Debug|Any CPU
		{7E132EB0-7481-4310-9A59-18B686B03DB1}.Debug|x64.Build.0 = Debug|Any CPU
		{7E132EB0-7481-4310-9A59-18B686B03DB1}.Debug|x86.ActiveCfg = Debug|Any CPU
		{7E132EB0-7481-4310-9A59-18B686B03DB1}.Debug|x86.Build.0 = Debug|Any CPU
		{7E132EB0-7481-4310-9A59-18B686B03DB1}.Release|Any CPU.ActiveCfg = Release|Any CPU
		{7E132EB0-7481-4310-9A59-18B686B03DB1}.Release|Any CPU.Build.0 = Release|Any CPU
		{7E132EB0-7481-4310-9A59-18B686B03DB1}.Release|x64.ActiveCfg = Release|Any CPU
		{7E132EB0-7481-4310-9A59-18B686B03DB1}.Release|x64.Build.0 = Release|Any CPU
		{7E132EB0-7481-4310-9A59-18B686B03DB1}.Release|x86.ActiveCfg = Release|Any CPU
		{7E132EB0-7481-4310-9A59-18B686B03DB1}.Release|x86.Build.0 = Release|Any CPU
		{AF4883E6-28BC-42D2-8ECA-B34055845F51}.Debug|Any CPU.ActiveCfg = Debug|Any CPU
		{AF4883E6-28BC-42D2-8ECA-B34055845F51}.Debug|Any CPU.Build.0 = Debug|Any CPU
		{AF4883E6-28BC-42D2-8ECA-B34055845F51}.Debug|x64.ActiveCfg = Debug|Any CPU
		{AF4883E6-28BC-42D2-8ECA-B34055845F51}.Debug|x64.Build.0 = Debug|Any CPU
		{AF4883E6-28BC-42D2-8ECA-B34055845F51}.Debug|x86.ActiveCfg = Debug|Any CPU
		{AF4883E6-28BC-42D2-8ECA-B34055845F51}.Debug|x86.Build.0 = Debug|Any CPU
		{AF4883E6-28BC-42D2-8ECA-B34055845F51}.Release|Any CPU.ActiveCfg = Release|Any CPU
		{AF4883E6-28BC-42D2-8ECA-B34055845F51}.Release|Any CPU.Build.0 = Release|Any CPU
		{AF4883E6-28BC-42D2-8ECA-B34055845F51}.Release|x64.ActiveCfg = Release|Any CPU
		{AF4883E6-28BC-42D2-8ECA-B34055845F51}.Release|x64.Build.0 = Release|Any CPU
		{AF4883E6-28BC-42D2-8ECA-B34055845F51}.Release|x86.ActiveCfg = Release|Any CPU
		{AF4883E6-28BC-42D2-8ECA-B34055845F51}.Release|x86.Build.0 = Release|Any CPU
	EndGlobalSection
	GlobalSection(SolutionProperties) = preSolution
		HideSolutionNode = FALSE
	EndGlobalSection
	GlobalSection(NestedProjects) = preSolution
		{125341CA-7957-46EC-8623-00362855321C} = {827E0CD3-B72D-47B6-A68D-7590B98EB39B}
		{7E132EB0-7481-4310-9A59-18B686B03DB1} = {827E0CD3-B72D-47B6-A68D-7590B98EB39B}
		{AF4883E6-28BC-42D2-8ECA-B34055845F51} = {0AB3BF05-4346-4AA6-1389-037BE0695223}
	EndGlobalSection
EndGlobal
